github.com/hashicorp/terraform-plugin-framework v1.17.0 h1:JdX50CFrYcYFY31gkmitAEAzLKoBgsK+iaJjDC8OexY=
github.com/hashicorp/terraform-plugin-framework v1.17.0/go.mod h1:4OUXKdHNosX+ys6rLgVlgklfxN3WHR5VHSOABeS/BM0=
github.com/hashicorp/terraform-plugin-go v0.29.0 h1:1nXKl/nSpaYIUBU1IG/EsDOX0vv+9JxAltQyDMpq5mU=
github.com/hashicorp/terraform-plugin-go v0.29.0/go.mod h1:vYZbIyvxyy0FWSmDHChCqKvI40cFTDGSb3D8D70i9GM=
github.com/hashicorp/terraform-plugin-log v0.10.0 h1:eu2kW6/QBVdN4P3Ju2WiB2W3ObjkAsyfBsL3Wh1fj3g=
github.com/hashicorp/terraform-plugin-log v0.10.0/go.mod h1:/9RR5Cv2aAbrqcTSdNmY1NRHP4E3ekrXRGjqORpXyB0=
github.com/hashicorp/terraform-plugin-testing v1.14.0 h1:5t4VKrjOJ0rg0sVuSJ86dz5K7PHsMO6OKrHFzDBerWA=
github.com/hashicorp/terraform-plugin-testing v1.14.0/go.mod h1:1qfWkecyYe1Do2EEOK/5/WnTyvC8wQucUkkhiGLg5nk=
